Microsoft Visual Studio Solution File, Format Version 11.00
# Visual Studio 2008

Project("{B1989441-C5A9-B4B5-D736-D02C1EE43269}") = "Tut It", "Assembly-CSharp.csproj", "{5570DE42-029C-99D1-3485-F63CFA06D234}"
EndProject
Global
	GlobalSection(SolutionConfigurationPlatforms) = preSolution
		Debug|Any CPU = Debug|Any CPU
		Release|Any CPU = Release|Any CPU
	EndGlobalSection
	GlobalSection(ProjectConfigurationPlatforms) = postSolution
		{5570DE42-029C-99D1-3485-F63CFA06D234}.Debug|Any CPU.ActiveCfg = Debug|Any CPU
		{5570DE42-029C-99D1-3485-F63CFA06D234}.Debug|Any CPU.Build.0 = Debug|Any CPU
		{5570DE42-029C-99D1-3485-F63CFA06D234}.Release|Any CPU.ActiveCfg = Release|Any CPU
		{5570DE42-029C-99D1-3485-F63CFA06D234}.Release|Any CPU.Build.0 = Release|Any CPU
	EndGlobalSection
	GlobalSection(SolutionProperties) = preSolution
		HideSolutionNode = FALSE
	EndGlobalSection
	GlobalSection(MonoDevelopProperties) = preSolution
		StartupItem = Assembly-CSharp.csproj
	EndGlobalSection
EndGlobal
